
Microsoft Visual Studio Solution File, Format Version 12.00
# Visual Studio 2013
VisualStudioVersion = 12.0.40629.0
MinimumVisualStudioVersion = 10.0.40219.1
Project("{FAE04EC0-301F-11D3-BF4B-00C04F79EFBC}") = "Soybean Advisor Database Manager", "Soybean Advisor Database Manager\Soybean Advisor Database Manager.csproj", "{1DBBFD75-CFE0-48BA-85D1-152FCCD1271E}"
EndProject
Project("{54435603-DBB4-11D2-8724-00A0C9A8B90C}") = "SA Database Manager", "Soybean Advisor Setup\Soybean Advisor Setup.vdproj", "{03C5FAE9-CCAA-4783-BF6B-B9DE914261B2}"
EndProject
Global
	GlobalSection(SolutionConfigurationPlatforms) = preSolution
		Debug|Any CPU = Debug|Any CPU
		Release|Any CPU = Release|Any CPU
	EndGlobalSection
	GlobalSection(ProjectConfigurationPlatforms) = postSolution
		{1DBBFD75-CFE0-48BA-85D1-152FCCD1271E}.Debug|Any CPU.ActiveCfg = Release|Any CPU
		{1DBBFD75-CFE0-48BA-85D1-152FCCD1271E}.Debug|Any CPU.Build.0 = Release|Any CPU
		{1DBBFD75-CFE0-48BA-85D1-152FCCD1271E}.Release|Any CPU.ActiveCfg = Release|Any CPU
		{1DBBFD75-CFE0-48BA-85D1-152FCCD1271E}.Release|Any CPU.Build.0 = Release|Any CPU
		{03C5FAE9-CCAA-4783-BF6B-B9DE914261B2}.Debug|Any CPU.ActiveCfg = Release
		{03C5FAE9-CCAA-4783-BF6B-B9DE914261B2}.Debug|Any CPU.Build.0 = Release
		{03C5FAE9-CCAA-4783-BF6B-B9DE914261B2}.Debug|Any CPU.Deploy.0 = Release
		{03C5FAE9-CCAA-4783-BF6B-B9DE914261B2}.Release|Any CPU.ActiveCfg = Release
		{03C5FAE9-CCAA-4783-BF6B-B9DE914261B2}.Release|Any CPU.Build.0 = Release
	EndGlobalSection
	GlobalSection(SolutionProperties) = preSolution
		HideSolutionNode = FALSE
	EndGlobalSection
EndGlobal
